
Microsoft Visual Studio Solution File, Format Version 12.00
# Visual Studio Version 17
VisualStudioVersion = 17.14.36401.2
MinimumVisualStudioVersion = 10.0.40219.1
Project("{2150E333-8FDC-42A3-9474-1A3956D46DE8}") = "Dependency Invertion Principle", "Dependency Invertion Principle", "{D6D234BF-070C-4724-833E-5DF73A0449CB}"
EndProject
Project("{FAE04EC0-301F-11D3-BF4B-00C04F79EFBC}") = "AppAssembly", "BestPractices\Dependency Invertion Principle\AppAssembly\AppAssembly.csproj", "{D220DD1F-629C-EDA6-3317-754B41480107}"
EndProject
Project("{2150E333-8FDC-42A3-9474-1A3956D46DE8}") = "Initial", "Initial", "{02EA681E-C7D8-13C7-8484-4AC65E1B71E8}"
EndProject
Global
	GlobalSection(SolutionConfigurationPlatforms) = preSolution
		Debug|Any CPU = Debug|Any CPU
		Release|Any CPU = Release|Any CPU
	EndGlobalSection
	GlobalSection(ProjectConfigurationPlatforms) = postSolution
		{D220DD1F-629C-EDA6-3317-754B41480107}.Debug|Any CPU.ActiveCfg = Debug|Any CPU
		{D220DD1F-629C-EDA6-3317-754B41480107}.Debug|Any CPU.Build.0 = Debug|Any CPU
		{D220DD1F-629C-EDA6-3317-754B41480107}.Release|Any CPU.ActiveCfg = Release|Any CPU
		{D220DD1F-629C-EDA6-3317-754B41480107}.Release|Any CPU.Build.0 = Release|Any CPU
	EndGlobalSection
	GlobalSection(SolutionProperties) = preSolution
		HideSolutionNode = FALSE
	EndGlobalSection
	GlobalSection(NestedProjects) = preSolution
		{D220DD1F-629C-EDA6-3317-754B41480107} = {02EA681E-C7D8-13C7-8484-4AC65E1B71E8}
		{02EA681E-C7D8-13C7-8484-4AC65E1B71E8} = {D6D234BF-070C-4724-833E-5DF73A0449CB}
	EndGlobalSection
	GlobalSection(ExtensibilityGlobals) = postSolution
		SolutionGuid = {FA6D7836-7154-412F-82CA-B3A826FA01AB}
	EndGlobalSection
EndGlobal
